
Microsoft Visual Studio Solution File, Format Version 12.00
# Visual Studio Version 16
VisualStudioVersion = 16.0.30517.126
MinimumVisualStudioVersion = 10.0.40219.1
Project("{FAE04EC0-301F-11D3-BF4B-00C04F79EFBC}") = "HowOldAreYou", "HowOldAreYou\HowOldAreYou.csproj", "{635B2CC4-5386-42F2-AD89-161C93C95E19}"
EndProject
Global
	GlobalSection(SolutionConfigurationPlatforms) = preSolution
		Debug|Any CPU = Debug|Any CPU
		Release|Any CPU = Release|Any CPU
	EndGlobalSection
	GlobalSection(ProjectConfigurationPlatforms) = postSolution
		{635B2CC4-5386-42F2-AD89-161C93C95E19}.Debug|Any CPU.ActiveCfg = Debug|Any CPU
		{635B2CC4-5386-42F2-AD89-161C93C95E19}.Debug|Any CPU.Build.0 = Debug|Any CPU
		{635B2CC4-5386-42F2-AD89-161C93C95E19}.Release|Any CPU.ActiveCfg = Release|Any CPU
		{635B2CC4-5386-42F2-AD89-161C93C95E19}.Release|Any CPU.Build.0 = Release|Any CPU
	EndGlobalSection
	GlobalSection(SolutionProperties) = preSolution
		HideSolutionNode = FALSE
	EndGlobalSection
	GlobalSection(ExtensibilityGlobals) = postSolution
		SolutionGuid = {6B580909-5051-4239-8258-A056B1C8BBE1}
	EndGlobalSection
EndGlobal
